
Microsoft Visual Studio Solution File, Format Version 9.00
# Visual C++ Express 2005
Project("{8BC9CEB8-8B4A-11D0-8D11-00A0C91BC942}") = "benchmark", "benchmark.vcproj", "{615AEC46-5595-4DEA-9490-DBD5DE0F8772}"
EndProject
Global
	GlobalSection(SolutionConfigurationPlatforms) = preSolution
		Debug|Win32 = Debug|Win32
		Release|Win32 = Release|Win32
	EndGlobalSection
	GlobalSection(ProjectConfigurationPlatforms) = postSolution
		{615AEC46-5595-4DEA-9490-DBD5DE0F8772}.Debug|Win32.ActiveCfg = Debug|Win32
		{615AEC46-5595-4DEA-9490-DBD5DE0F8772}.Debug|Win32.Build.0 = Debug|Win32
		{615AEC46-5595-4DEA-9490-DBD5DE0F8772}.Release|Win32.ActiveCfg = Release|Win32
		{615AEC46-5595-4DEA-9490-DBD5DE0F8772}.Release|Win32.Build.0 = Release|Win32
	EndGlobalSection
	GlobalSection(SolutionProperties) = preSolution
		HideSolutionNode = FALSE
	EndGlobalSection
EndGlobal
