// !$*UTF8*$!
{
	archiveVersion = 1;
	classes = {
	};
	objectVersion = 45;
	objects = {

/* Begin PBXBuildFile section */
		43809E9B0FB7AD1C0050922E /* md4.c in Sources */ = {isa = PBXBuildFile; fileRef = 43809E9A0FB7AD1C0050922E /* md4.c */; };
		43809E9D0FB7AD320050922E /* md4.h in Headers */ = {isa = PBXBuildFile; fileRef = 43809E9C0FB7AD320050922E /* md4.h */; };
		43962ADF0DE7ED48003C5E5B /* ssl.c in Sources */ = {isa = PBXBuildFile; fileRef = 43C6C2790DDF984100F2D488 /* ssl.c */; };
		43AC92CA0EB154210049F588 /* cyassl_io.c in Sources */ = {isa = PBXBuildFile; fileRef = 43AC92C90EB154210049F588 /* cyassl_io.c */; };
		43C6C27B0DDF984100F2D488 /* cyassl_int.c in Sources */ = {isa = PBXBuildFile; fileRef = 43C6C2770DDF984100F2D488 /* cyassl_int.c */; };
		43C6C27C0DDF984100F2D488 /* keys.c in Sources */ = {isa = PBXBuildFile; fileRef = 43C6C2780DDF984100F2D488 /* keys.c */; };
		43C6C27E0DDF984100F2D488 /* tls.c in Sources */ = {isa = PBXBuildFile; fileRef = 43C6C27A0DDF984100F2D488 /* tls.c */; };
		43C6C2920DDF98D400F2D488 /* aes.c in Sources */ = {isa = PBXBuildFile; fileRef = 43C6C2830DDF98D400F2D488 /* aes.c */; };
		43C6C2930DDF98D400F2D488 /* arc4.c in Sources */ = {isa = PBXBuildFile; fileRef = 43C6C2840DDF98D400F2D488 /* arc4.c */; };
		43C6C2940DDF98D400F2D488 /* asn.c in Sources */ = {isa = PBXBuildFile; fileRef = 43C6C2850DDF98D400F2D488 /* asn.c */; };
		43C6C2950DDF98D400F2D488 /* coding.c in Sources */ = {isa = PBXBuildFile; fileRef = 43C6C2860DDF98D400F2D488 /* coding.c */; };
		43C6C2960DDF98D400F2D488 /* des3.c in Sources */ = {isa = PBXBuildFile; fileRef = 43C6C2870DDF98D400F2D488 /* des3.c */; };
		43C6C2970DDF98D400F2D488 /* dh.c in Sources */ = {isa = PBXBuildFile; fileRef = 43C6C2880DDF98D400F2D488 /* dh.c */; };
		43C6C2980DDF98D400F2D488 /* dsa.c in Sources */ = {isa = PBXBuildFile; fileRef = 43C6C2890DDF98D400F2D488 /* dsa.c */; };
		43C6C2990DDF98D400F2D488 /* hmac.c in Sources */ = {isa = PBXBuildFile; fileRef = 43C6C28A0DDF98D400F2D488 /* hmac.c */; };
		43C6C29A0DDF98D400F2D488 /* integer.c in Sources */ = {isa = PBXBuildFile; fileRef = 43C6C28B0DDF98D400F2D488 /* integer.c */; };
		43C6C29B0DDF98D400F2D488 /* md5.c in Sources */ = {isa = PBXBuildFile; fileRef = 43C6C28C0DDF98D400F2D488 /* md5.c */; };
		43C6C29C0DDF98D400F2D488 /* misc.c in Sources */ = {isa = PBXBuildFile; fileRef = 43C6C28D0DDF98D400F2D488 /* misc.c */; };
		43C6C29D0DDF98D400F2D488 /* random.c in Sources */ = {isa = PBXBuildFile; fileRef = 43C6C28E0DDF98D400F2D488 /* random.c */; };
		43C6C29E0DDF98D400F2D488 /* rsa.c in Sources */ = {isa = PBXBuildFile; fileRef = 43C6C28F0DDF98D400F2D488 /* rsa.c */; };
		43C6C29F0DDF98D400F2D488 /* sha.c in Sources */ = {isa = PBXBuildFile; fileRef = 43C6C2900DDF98D400F2D488 /* sha.c */; };
		43C6C2A00DDF98D400F2D488 /* sha256.c in Sources */ = {isa = PBXBuildFile; fileRef = 43C6C2910DDF98D400F2D488 /* sha256.c */; };
		43D565650F1EC9A600550C88 /* hc128.c in Sources */ = {isa = PBXBuildFile; fileRef = 43D565640F1EC9A600550C88 /* hc128.c */; };
		43D565670F1EC9CC00550C88 /* rabbit.c in Sources */ = {isa = PBXBuildFile; fileRef = 43D565660F1EC9CC00550C88 /* rabbit.c */; };
		43D565A40F29040000550C88 /* rabbit.h in Headers */ = {isa = PBXBuildFile; fileRef = 43D565A30F29040000550C88 /* rabbit.h */; };
		43D565A60F29041C00550C88 /* hc128.h in Headers */ = {isa = PBXBuildFile; fileRef = 43D565A50F29041C00550C88 /* hc128.h */; };
/* End PBXBuildFile section */

/* Begin PBXCopyFilesBuildPhase section */
		43C6C3160DDFAC6A00F2D488 /* CopyFiles */ = {
			isa = PBXCopyFilesBuildPhase;
			buildActionMask = 2147483647;
			dstPath = "";
			dstSubfolderSpec = 7;
			files = (
			);
			runOnlyForDeploymentPostprocessing = 0;
		};
		43C6C3170DDFAC6A00F2D488 /* CopyFiles */ = {
			isa = PBXCopyFilesBuildPhase;
			buildActionMask = 8;
			dstPath = "";
			dstSubfolderSpec = 7;
			files = (
			);
			runOnlyForDeploymentPostprocessing = 1;
		};
		43C6C3180DDFAC6A00F2D488 /* CopyFiles */ = {
			isa = PBXCopyFilesBuildPhase;
			buildActionMask = 2147483647;
			dstPath = "";
			dstSubfolderSpec = 7;
			files = (
			);
			runOnlyForDeploymentPostprocessing = 0;
		};
/* End PBXCopyFilesBuildPhase section */

/* Begin PBXFileReference section */
		4368F6E40E9EA1140002A123 /* test.c */ = {isa = PBXFileReference; fileEncoding = 4; lastKnownFileType = sourcecode.c.c; lineEnding = 2; name = test.c; path = ctaocrypt/test/test.c; sourceTree = "<group>"; };
		43809E9A0FB7AD1C0050922E /* md4.c */ = {isa = PBXFileReference; fileEncoding = 4; lastKnownFileType = sourcecode.c.c; name = md4.c; path = ctaocrypt/src/md4.c; sourceTree = "<group>"; };
		43809E9C0FB7AD320050922E /* md4.h */ = {isa = PBXFileReference; fileEncoding = 4; lastKnownFileType = sourcecode.c.h; name = md4.h; path = ctaocrypt/include/md4.h; sourceTree = "<group>"; };
		43AC92C90EB154210049F588 /* cyassl_io.c */ = {isa = PBXFileReference; fileEncoding = 4; lastKnownFileType = sourcecode.c.c; lineEnding = 0; name = cyassl_io.c; path = src/cyassl_io.c; sourceTree = "<group>"; };
		43C6C2770DDF984100F2D488 /* cyassl_int.c */ = {isa = PBXFileReference; fileEncoding = 4; lastKnownFileType = sourcecode.c.c; lineEnding = 0; name = cyassl_int.c; path = src/cyassl_int.c; sourceTree = "<group>"; };
		43C6C2780DDF984100F2D488 /* keys.c */ = {isa = PBXFileReference; fileEncoding = 4; lastKnownFileType = sourcecode.c.c; lineEnding = 2; name = keys.c; path = src/keys.c; sourceTree = "<group>"; };
		43C6C2790DDF984100F2D488 /* ssl.c */ = {isa = PBXFileReference; fileEncoding = 4; lastKnownFileType = sourcecode.c.c; lineEnding = 0; name = ssl.c; path = src/ssl.c; sourceTree = "<group>"; };
		43C6C27A0DDF984100F2D488 /* tls.c */ = {isa = PBXFileReference; fileEncoding = 4; lastKnownFileType = sourcecode.c.c; lineEnding = 2; name = tls.c; path = src/tls.c; sourceTree = "<group>"; };
		43C6C2830DDF98D400F2D488 /* aes.c */ = {isa = PBXFileReference; fileEncoding = 4; lastKnownFileType = sourcecode.c.c; lineEnding = 2; name = aes.c; path = ctaocrypt/src/aes.c; sourceTree = "<group>"; };
		43C6C2840DDF98D400F2D488 /* arc4.c */ = {isa = PBXFileReference; fileEncoding = 4; lastKnownFileType = sourcecode.c.c; lineEnding = 2; name = arc4.c; path = ctaocrypt/src/arc4.c; sourceTree = "<group>"; };
		43C6C2850DDF98D400F2D488 /* asn.c */ = {isa = PBXFileReference; fileEncoding = 4; lastKnownFileType = sourcecode.c.c; lineEnding = 2; name = asn.c; path = ctaocrypt/src/asn.c; sourceTree = "<group>"; };
		43C6C2860DDF98D400F2D488 /* coding.c */ = {isa = PBXFileReference; fileEncoding = 4; lastKnownFileType = sourcecode.c.c; lineEnding = 2; name = coding.c; path = ctaocrypt/src/coding.c; sourceTree = "<group>"; };
		43C6C2870DDF98D400F2D488 /* des3.c */ = {isa = PBXFileReference; fileEncoding = 4; lastKnownFileType = sourcecode.c.c; lineEnding = 2; name = des3.c; path = ctaocrypt/src/des3.c; sourceTree = "<group>"; };
		43C6C2880DDF98D400F2D488 /* dh.c */ = {isa = PBXFileReference; fileEncoding = 4; lastKnownFileType = sourcecode.c.c; lineEnding = 2; name = dh.c; path = ctaocrypt/src/dh.c; sourceTree = "<group>"; };
		43C6C2890DDF98D400F2D488 /* dsa.c */ = {isa = PBXFileReference; fileEncoding = 4; lastKnownFileType = sourcecode.c.c; lineEnding = 2; name = dsa.c; path = ctaocrypt/src/dsa.c; sourceTree = "<group>"; };
		43C6C28A0DDF98D400F2D488 /* hmac.c */ = {isa = PBXFileReference; fileEncoding = 4; lastKnownFileType = sourcecode.c.c; lineEnding = 0; name = hmac.c; path = ctaocrypt/src/hmac.c; sourceTree = "<group>"; };
		43C6C28B0DDF98D400F2D488 /* integer.c */ = {isa = PBXFileReference; fileEncoding = 4; lastKnownFileType = sourcecode.c.c; lineEnding = 2; name = integer.c; path = ctaocrypt/src/integer.c; sourceTree = "<group>"; };
		43C6C28C0DDF98D400F2D488 /* md5.c */ = {isa = PBXFileReference; fileEncoding = 4; lastKnownFileType = sourcecode.c.c; lineEnding = 2; name = md5.c; path = ctaocrypt/src/md5.c; sourceTree = "<group>"; };
		43C6C28D0DDF98D400F2D488 /* misc.c */ = {isa = PBXFileReference; fileEncoding = 4; lastKnownFileType = sourcecode.c.c; lineEnding = 2; name = misc.c; path = ctaocrypt/src/misc.c; sourceTree = "<group>"; };
		43C6C28E0DDF98D400F2D488 /* random.c */ = {isa = PBXFileReference; fileEncoding = 4; lastKnownFileType = sourcecode.c.c; lineEnding = 2; name = random.c; path = ctaocrypt/src/random.c; sourceTree = "<group>"; };
		43C6C28F0DDF98D400F2D488 /* rsa.c */ = {isa = PBXFileReference; fileEncoding = 4; lastKnownFileType = sourcecode.c.c; lineEnding = 2; name = rsa.c; path = ctaocrypt/src/rsa.c; sourceTree = "<group>"; };
		43C6C2900DDF98D400F2D488 /* sha.c */ = {isa = PBXFileReference; fileEncoding = 4; lastKnownFileType = sourcecode.c.c; lineEnding = 2; name = sha.c; path = ctaocrypt/src/sha.c; sourceTree = "<group>"; };
		43C6C2910DDF98D400F2D488 /* sha256.c */ = {isa = PBXFileReference; fileEncoding = 4; lastKnownFileType = sourcecode.c.c; lineEnding = 0; name = sha256.c; path = ctaocrypt/src/sha256.c; sourceTree = "<group>"; };
		43CA25BA0EA400BE0011ECA2 /* cyassl_error.h */ = {isa = PBXFileReference; explicitFileType = sourcecode.c.h; fileEncoding = 4; lineEnding = 2; name = cyassl_error.h; path = include/cyassl_error.h; sourceTree = "<group>"; };
		43CA25BB0EA400BE0011ECA2 /* cyassl_int.h */ = {isa = PBXFileReference; explicitFileType = sourcecode.c.h; fileEncoding = 4; lineEnding = 2; name = cyassl_int.h; path = include/cyassl_int.h; sourceTree = "<group>"; };
		43CA25BC0EA400DC0011ECA2 /* test.h */ = {isa = PBXFileReference; explicitFileType = sourcecode.c.h; fileEncoding = 4; lineEnding = 2; name = test.h; path = examples/test.h; sourceTree = "<group>"; };
		43CA25BD0EA4010C0011ECA2 /* aes.h */ = {isa = PBXFileReference; explicitFileType = sourcecode.c.h; fileEncoding = 4; lineEnding = 2; name = aes.h; path = ctaocrypt/include/aes.h; sourceTree = "<group>"; };
		43CA25BE0EA4010C0011ECA2 /* arc4.h */ = {isa = PBXFileReference; explicitFileType = sourcecode.c.h; fileEncoding = 4; lineEnding = 2; name = arc4.h; path = ctaocrypt/include/arc4.h; sourceTree = "<group>"; };
		43CA25BF0EA4010C0011ECA2 /* dh.h */ = {isa = PBXFileReference; explicitFileType = sourcecode.c.h; fileEncoding = 4; lineEnding = 2; name = dh.h; path = ctaocrypt/include/dh.h; sourceTree = "<group>"; };
		43CA25C00EA4010C0011ECA2 /* md5.h */ = {isa = PBXFileReference; explicitFileType = sourcecode.c.h; fileEncoding = 4; lineEnding = 2; name = md5.h; path = ctaocrypt/include/md5.h; sourceTree = "<group>"; };
		43CA25C10EA4010C0011ECA2 /* mpi_superclass.h */ = {isa = PBXFileReference; explicitFileType = sourcecode.c.h; fileEncoding = 4; lineEnding = 0; name = mpi_superclass.h; path = ctaocrypt/include/mpi_superclass.h; sourceTree = "<group>"; };
		43CA25C20EA4010C0011ECA2 /* random.h */ = {isa = PBXFileReference; explicitFileType = sourcecode.c.h; fileEncoding = 4; lineEnding = 2; name = random.h; path = ctaocrypt/include/random.h; sourceTree = "<group>"; };
		43CA25C30EA4010C0011ECA2 /* sha.h */ = {isa = PBXFileReference; explicitFileType = sourcecode.c.h; fileEncoding = 4; lineEnding = 2; name = sha.h; path = ctaocrypt/include/sha.h; sourceTree = "<group>"; };
		43CA25C40EA4010C0011ECA2 /* sha256.h */ = {isa = PBXFileReference; explicitFileType = sourcecode.c.h; fileEncoding = 4; lineEnding = 0; name = sha256.h; path = ctaocrypt/include/sha256.h; sourceTree = "<group>"; };
		43CA25C50EA4010C0011ECA2 /* coding.h */ = {isa = PBXFileReference; explicitFileType = sourcecode.c.h; fileEncoding = 4; lineEnding = 2; name = coding.h; path = ctaocrypt/include/coding.h; sourceTree = "<group>"; };
		43CA25C60EA4010C0011ECA2 /* des3.h */ = {isa = PBXFileReference; explicitFileType = sourcecode.c.h; fileEncoding = 4; lineEnding = 2; name = des3.h; path = ctaocrypt/include/des3.h; sourceTree = "<group>"; };
		43CA25C70EA4010C0011ECA2 /* error.h */ = {isa = PBXFileReference; explicitFileType = sourcecode.c.h; fileEncoding = 4; lineEnding = 2; name = error.h; path = ctaocrypt/include/error.h; sourceTree = "<group>"; };
		43CA25C80EA4010C0011ECA2 /* misc.h */ = {isa = PBXFileReference; explicitFileType = sourcecode.c.h; fileEncoding = 4; lineEnding = 2; name = misc.h; path = ctaocrypt/include/misc.h; sourceTree = "<group>"; };
		43CA25C90EA4010C0011ECA2 /* integer.h */ = {isa = PBXFileReference; explicitFileType = sourcecode.c.h; fileEncoding = 4; lineEnding = 2; name = integer.h; path = ctaocrypt/include/integer.h; sourceTree = "<group>"; };
		43CA25CA0EA4010C0011ECA2 /* tfm.h */ = {isa = PBXFileReference; explicitFileType = sourcecode.c.h; fileEncoding = 4; lineEnding = 0; name = tfm.h; path = ctaocrypt/include/tfm.h; sourceTree = "<group>"; };
		43CA25CB0EA4010C0011ECA2 /* asn.h */ = {isa = PBXFileReference; explicitFileType = sourcecode.c.h; fileEncoding = 4; lineEnding = 2; name = asn.h; path = ctaocrypt/include/asn.h; sourceTree = "<group>"; };
		43CA25CC0EA4010C0011ECA2 /* rsa.h */ = {isa = PBXFileReference; explicitFileType = sourcecode.c.h; fileEncoding = 4; lineEnding = 2; name = rsa.h; path = ctaocrypt/include/rsa.h; sourceTree = "<group>"; };
		43CA25CD0EA4010C0011ECA2 /* mpi_class.h */ = {isa = PBXFileReference; explicitFileType = sourcecode.c.h; fileEncoding = 4; lineEnding = 0; name = mpi_class.h; path = ctaocrypt/include/mpi_class.h; sourceTree = "<group>"; };
		43CA25CE0EA4010C0011ECA2 /* types.h */ = {isa = PBXFileReference; explicitFileType = sourcecode.c.h; fileEncoding = 4; lineEnding = 2; name = types.h; path = ctaocrypt/include/types.h; sourceTree = "<group>"; };
		43CA25CF0EA4010C0011ECA2 /* dsa.h */ = {isa = PBXFileReference; explicitFileType = sourcecode.c.h; fileEncoding = 4; lineEnding = 2; name = dsa.h; path = ctaocrypt/include/dsa.h; sourceTree = "<group>"; };
		43CA25D00EA4010C0011ECA2 /* hmac.h */ = {isa = PBXFileReference; explicitFileType = sourcecode.c.h; fileEncoding = 4; lineEnding = 0; name = hmac.h; path = ctaocrypt/include/hmac.h; sourceTree = "<group>"; };
		43CA25D10EA401550011ECA2 /* cyassl_callbacks.h */ = {isa = PBXFileReference; explicitFileType = sourcecode.c.h; fileEncoding = 4; lineEnding = 2; name = cyassl_callbacks.h; path = include/openssl/cyassl_callbacks.h; sourceTree = "<group>"; };
		43CA25D20EA401550011ECA2 /* ssl.h */ = {isa = PBXFileReference; explicitFileType = sourcecode.c.h; fileEncoding = 4; lineEnding = 2; name = ssl.h; path = include/openssl/ssl.h; sourceTree = "<group>"; };
		43CB530D116E9FD5000A264B /* iphone-Info.plist */ = {isa = PBXFileReference; lastKnownFileType = text.plist.xml; path = "iphone-Info.plist"; sourceTree = "<group>"; };
		43CB5329116EA085000A264B /* test-Info.plist */ = {isa = PBXFileReference; lastKnownFileType = text.plist.xml; path = "test-Info.plist"; sourceTree = "<group>"; };
		43D565640F1EC9A600550C88 /* hc128.c */ = {isa = PBXFileReference; fileEncoding = 4; lastKnownFileType = sourcecode.c.c; lineEnding = 2; name = hc128.c; path = ctaocrypt/src/hc128.c; sourceTree = "<group>"; };
		43D565660F1EC9CC00550C88 /* rabbit.c */ = {isa = PBXFileReference; fileEncoding = 4; lastKnownFileType = sourcecode.c.c; lineEnding = 2; name = rabbit.c; path = ctaocrypt/src/rabbit.c; sourceTree = "<group>"; };
		43D565A30F29040000550C88 /* rabbit.h */ = {isa = PBXFileReference; fileEncoding = 4; lastKnownFileType = sourcecode.c.h; lineEnding = 2; name = rabbit.h; path = ctaocrypt/include/rabbit.h; sourceTree = "<group>"; };
		43D565A50F29041C00550C88 /* hc128.h */ = {isa = PBXFileReference; fileEncoding = 4; lastKnownFileType = sourcecode.c.h; lineEnding = 2; name = hc128.h; path = ctaocrypt/include/hc128.h; sourceTree = "<group>"; };
		D2AAC046055464E500DB518D /* libcyassl.a */ = {isa = PBXFileReference; explicitFileType = archive.ar; includeInIndex = 0; path = libcyassl.a; sourceTree = BUILT_PRODUCTS_DIR; };
/* End PBXFileReference section */

/* Begin PBXFrameworksBuildPhase section */
		D289987405E68DCB004EDB86 /* Frameworks */ = {
			isa = PBXFrameworksBuildPhase;
			buildActionMask = 2147483647;
			files = (
			);
			runOnlyForDeploymentPostprocessing = 0;
		};
/* End PBXFrameworksBuildPhase section */

/* Begin PBXGroup section */
		08FB7794FE84155DC02AAC07 /* cyassl */ = {
			isa = PBXGroup;
			children = (
				08FB7795FE84155DC02AAC07 /* Source */,
				C6A0FF2B0290797F04C91782 /* Documentation */,
				1AB674ADFE9D54B511CA2CBB /* Products */,
				43CB530D116E9FD5000A264B /* iphone-Info.plist */,
				43CB5329116EA085000A264B /* test-Info.plist */,
			);
			name = cyassl;
			sourceTree = "<group>";
		};
		08FB7795FE84155DC02AAC07 /* Source */ = {
			isa = PBXGroup;
			children = (
				43CA25B90EA400A60011ECA2 /* headers */,
				43CA25720EA3F9B20011ECA2 /* src */,
			);
			name = Source;
			sourceTree = "<group>";
		};
		1AB674ADFE9D54B511CA2CBB /* Products */ = {
			isa = PBXGroup;
			children = (
				D2AAC046055464E500DB518D /* libcyassl.a */,
			);
			name = Products;
			sourceTree = "<group>";
		};
		43CA25720EA3F9B20011ECA2 /* src */ = {
			isa = PBXGroup;
			children = (
				43809E9A0FB7AD1C0050922E /* md4.c */,
				43D565660F1EC9CC00550C88 /* rabbit.c */,
				43D565640F1EC9A600550C88 /* hc128.c */,
				43AC92C90EB154210049F588 /* cyassl_io.c */,
				43C6C2830DDF98D400F2D488 /* aes.c */,
				43C6C2840DDF98D400F2D488 /* arc4.c */,
				43C6C2850DDF98D400F2D488 /* asn.c */,
				43C6C2860DDF98D400F2D488 /* coding.c */,
				43C6C2870DDF98D400F2D488 /* des3.c */,
				4368F6E40E9EA1140002A123 /* test.c */,
				43C6C2880DDF98D400F2D488 /* dh.c */,
				43C6C2890DDF98D400F2D488 /* dsa.c */,
				43C6C28A0DDF98D400F2D488 /* hmac.c */,
				43C6C28B0DDF98D400F2D488 /* integer.c */,
				43C6C28C0DDF98D400F2D488 /* md5.c */,
				43C6C28D0DDF98D400F2D488 /* misc.c */,
				43C6C28E0DDF98D400F2D488 /* random.c */,
				43C6C28F0DDF98D400F2D488 /* rsa.c */,
				43C6C2900DDF98D400F2D488 /* sha.c */,
				43C6C2910DDF98D400F2D488 /* sha256.c */,
				43C6C2770DDF984100F2D488 /* cyassl_int.c */,
				43C6C2780DDF984100F2D488 /* keys.c */,
				43C6C2790DDF984100F2D488 /* ssl.c */,
				43C6C27A0DDF984100F2D488 /* tls.c */,
			);
			name = src;
			sourceTree = "<group>";
		};
		43CA25B90EA400A60011ECA2 /* headers */ = {
			isa = PBXGroup;
			children = (
				43809E9C0FB7AD320050922E /* md4.h */,
				43D565A50F29041C00550C88 /* hc128.h */,
				43D565A30F29040000550C88 /* rabbit.h */,
				43CA25D10EA401550011ECA2 /* cyassl_callbacks.h */,
				43CA25D20EA401550011ECA2 /* ssl.h */,
				43CA25BD0EA4010C0011ECA2 /* aes.h */,
				43CA25BE0EA4010C0011ECA2 /* arc4.h */,
				43CA25BF0EA4010C0011ECA2 /* dh.h */,
				43CA25C00EA4010C0011ECA2 /* md5.h */,
				43CA25C10EA4010C0011ECA2 /* mpi_superclass.h */,
				43CA25C20EA4010C0011ECA2 /* random.h */,
				43CA25C30EA4010C0011ECA2 /* sha.h */,
				43CA25C40EA4010C0011ECA2 /* sha256.h */,
				43CA25C50EA4010C0011ECA2 /* coding.h */,
				43CA25C60EA4010C0011ECA2 /* des3.h */,
				43CA25C70EA4010C0011ECA2 /* error.h */,
				43CA25C80EA4010C0011ECA2 /* misc.h */,
				43CA25C90EA4010C0011ECA2 /* integer.h */,
				43CA25CA0EA4010C0011ECA2 /* tfm.h */,
				43CA25CB0EA4010C0011ECA2 /* asn.h */,
				43CA25CC0EA4010C0011ECA2 /* rsa.h */,
				43CA25CD0EA4010C0011ECA2 /* mpi_class.h */,
				43CA25CE0EA4010C0011ECA2 /* types.h */,
				43CA25CF0EA4010C0011ECA2 /* dsa.h */,
				43CA25D00EA4010C0011ECA2 /* hmac.h */,
				43CA25BC0EA400DC0011ECA2 /* test.h */,
				43CA25BA0EA400BE0011ECA2 /* cyassl_error.h */,
				43CA25BB0EA400BE0011ECA2 /* cyassl_int.h */,
			);
			name = headers;
			sourceTree = "<group>";
		};
		C6A0FF2B0290797F04C91782 /* Documentation */ = {
			isa = PBXGroup;
			children = (
			);
			name = Documentation;
			sourceTree = "<group>";
		};
/* End PBXGroup section */

/* Begin PBXHeadersBuildPhase section */
		D2AAC043055464E500DB518D /* Headers */ = {
			isa = PBXHeadersBuildPhase;
			buildActionMask = 2147483647;
			files = (
				43D565A40F29040000550C88 /* rabbit.h in Headers */,
				43D565A60F29041C00550C88 /* hc128.h in Headers */,
				43809E9D0FB7AD320050922E /* md4.h in Headers */,
			);
			runOnlyForDeploymentPostprocessing = 0;
		};
/* End PBXHeadersBuildPhase section */

/* Begin PBXNativeTarget section */
		D2AAC045055464E500DB518D /* cyassl */ = {
			isa = PBXNativeTarget;
			buildConfigurationList = 1DEB91EB08733DB70010E9CD /* Build configuration list for PBXNativeTarget "cyassl" */;
			buildPhases = (
				D2AAC043055464E500DB518D /* Headers */,
				D2AAC044055464E500DB518D /* Sources */,
				D289987405E68DCB004EDB86 /* Frameworks */,
				43C6C3160DDFAC6A00F2D488 /* CopyFiles */,
				43C6C3170DDFAC6A00F2D488 /* CopyFiles */,
				43C6C3180DDFAC6A00F2D488 /* CopyFiles */,
			);
			buildRules = (
			);
			dependencies = (
			);
			name = cyassl;
			productName = cyassl;
			productReference = D2AAC046055464E500DB518D /* libcyassl.a */;
			productType = "com.apple.product-type.library.static";
		};
/* End PBXNativeTarget section */

/* Begin PBXProject section */
		08FB7793FE84155DC02AAC07 /* Project object */ = {
			isa = PBXProject;
			attributes = {
				BuildIndependentTargetsInParallel = YES;
			};
			buildConfigurationList = 1DEB91EF08733DB70010E9CD /* Build configuration list for PBXProject "cyassl-iphone" */;
			compatibilityVersion = "Xcode 3.1";
			hasScannedForEncodings = 1;
			mainGroup = 08FB7794FE84155DC02AAC07 /* cyassl */;
			projectDirPath = "";
			projectRoot = "";
			targets = (
				D2AAC045055464E500DB518D /* cyassl */,
			);
		};
/* End PBXProject section */

/* Begin PBXSourcesBuildPhase section */
		D2AAC044055464E500DB518D /* Sources */ = {
			isa = PBXSourcesBuildPhase;
			buildActionMask = 2147483647;
			files = (
				43C6C27B0DDF984100F2D488 /* cyassl_int.c in Sources */,
				43C6C27C0DDF984100F2D488 /* keys.c in Sources */,
				43C6C27E0DDF984100F2D488 /* tls.c in Sources */,
				43C6C2920DDF98D400F2D488 /* aes.c in Sources */,
				43C6C2930DDF98D400F2D488 /* arc4.c in Sources */,
				43C6C2940DDF98D400F2D488 /* asn.c in Sources */,
				43C6C2950DDF98D400F2D488 /* coding.c in Sources */,
				43C6C2960DDF98D400F2D488 /* des3.c in Sources */,
				43C6C2970DDF98D400F2D488 /* dh.c in Sources */,
				43C6C2980DDF98D400F2D488 /* dsa.c in Sources */,
				43C6C2990DDF98D400F2D488 /* hmac.c in Sources */,
				43C6C29A0DDF98D400F2D488 /* integer.c in Sources */,
				43C6C29B0DDF98D400F2D488 /* md5.c in Sources */,
				43C6C29C0DDF98D400F2D488 /* misc.c in Sources */,
				43C6C29D0DDF98D400F2D488 /* random.c in Sources */,
				43C6C29E0DDF98D400F2D488 /* rsa.c in Sources */,
				43C6C29F0DDF98D400F2D488 /* sha.c in Sources */,
				43C6C2A00DDF98D400F2D488 /* sha256.c in Sources */,
				43962ADF0DE7ED48003C5E5B /* ssl.c in Sources */,
				43AC92CA0EB154210049F588 /* cyassl_io.c in Sources */,
				43D565650F1EC9A600550C88 /* hc128.c in Sources */,
				43D565670F1EC9CC00550C88 /* rabbit.c in Sources */,
				43809E9B0FB7AD1C0050922E /* md4.c in Sources */,
			);
			runOnlyForDeploymentPostprocessing = 0;
		};
/* End PBXSourcesBuildPhase section */

/* Begin XCBuildConfiguration section */
		1DEB91EC08733DB70010E9CD /* Debug */ = {
			isa = XCBuildConfiguration;
			buildSettings = {
				ARCHS = "$(ARCHS_STANDARD_32_BIT)";
				COPY_PHASE_STRIP = NO;
				GCC_DYNAMIC_NO_PIC = NO;
				GCC_ENABLE_FIX_AND_CONTINUE = YES;
				GCC_MODEL_TUNING = G5;
				GCC_OPTIMIZATION_LEVEL = 0;
				GCC_PREPROCESSOR_DEFINITIONS = IPHONE;
				INSTALL_PATH = /usr/local/lib;
				PRODUCT_NAME = cyassl;
				SDKROOT = iphonesimulator3.1.2;
				WARNING_CFLAGS = "-Wall";
				ZERO_LINK = YES;
			};
			name = Debug;
		};
		1DEB91ED08733DB70010E9CD /* Release */ = {
			isa = XCBuildConfiguration;
			buildSettings = {
				ARCHS = "$(ARCHS_STANDARD_32_BIT)";
				DEBUG_INFORMATION_FORMAT = "dwarf-with-dsym";
				GCC_MODEL_TUNING = G5;
				GCC_PREPROCESSOR_DEFINITIONS = IPHONE;
				INSTALL_PATH = /usr/local/lib;
				PRODUCT_NAME = cyassl;
				WARNING_CFLAGS = "-Wall";
			};
			name = Release;
		};
		1DEB91F008733DB70010E9CD /* Debug */ = {
			isa = XCBuildConfiguration;
			buildSettings = {
				ARCHS = "$(ARCHS_STANDARD_32_BIT)";
				GCC_PREPROCESSOR_DEFINITIONS = IPHONE;
				GCC_VERSION = 4.2;
				GCC_WARN_ABOUT_RETURN_TYPE = YES;
				GCC_WARN_UNUSED_VARIABLE = YES;
				PREBINDING = NO;
				SDKROOT = iphonesimulator2.2;
				USER_HEADER_SEARCH_PATHS = "include ctaocrypt/include";
			};
			name = Debug;
		};
		1DEB91F108733DB70010E9CD /* Release */ = {
			isa = XCBuildConfiguration;
			buildSettings = {
				ARCHS = "$(ARCHS_STANDARD_32_BIT)";
				GCC_PREPROCESSOR_DEFINITIONS = IPHONE;
				GCC_VERSION = 4.2;
				GCC_WARN_ABOUT_RETURN_TYPE = YES;
				GCC_WARN_UNUSED_VARIABLE = YES;
				PREBINDING = NO;
				SDKROOT = iphonesimulator2.2;
				USER_HEADER_SEARCH_PATHS = "include ctaocrypt/include";
			};
			name = Release;
		};
/* End XCBuildConfiguration section */

/* Begin XCConfigurationList section */
		1DEB91EB08733DB70010E9CD /* Build configuration list for PBXNativeTarget "cyassl" */ = {
			isa = XCConfigurationList;
			buildConfigurations = (
				1DEB91EC08733DB70010E9CD /* Debug */,
				1DEB91ED08733DB70010E9CD /* Release */,
			);
			defaultConfigurationIsVisible = 0;
			defaultConfigurationName = Release;
		};
		1DEB91EF08733DB70010E9CD /* Build configuration list for PBXProject "cyassl-iphone" */ = {
			isa = XCConfigurationList;
			buildConfigurations = (
				1DEB91F008733DB70010E9CD /* Debug */,
				1DEB91F108733DB70010E9CD /* Release */,
			);
			defaultConfigurationIsVisible = 0;
			defaultConfigurationName = Release;
		};
/* End XCConfigurationList section */
	};
	rootObject = 08FB7793FE84155DC02AAC07 /* Project object */;
}
