
Microsoft Visual Studio Solution File, Format Version 10.00
# Visual Studio 2008
Project("{8BC9CEB8-8B4A-11D0-8D11-00A0C91BC942}") = "DictViewer", "DictViewer\DictViewer.vcproj", "{FCFABB55-9FCC-4C0A-8F2A-036748425E4B}"
EndProject
Global
	GlobalSection(SolutionConfigurationPlatforms) = preSolution
		Debug|Win32 = Debug|Win32
		Release|Win32 = Release|Win32
	EndGlobalSection
	GlobalSection(ProjectConfigurationPlatforms) = postSolution
		{FCFABB55-9FCC-4C0A-8F2A-036748425E4B}.Debug|Win32.ActiveCfg = Debug|Win32
		{FCFABB55-9FCC-4C0A-8F2A-036748425E4B}.Debug|Win32.Build.0 = Debug|Win32
		{FCFABB55-9FCC-4C0A-8F2A-036748425E4B}.Release|Win32.ActiveCfg = Release|Win32
		{FCFABB55-9FCC-4C0A-8F2A-036748425E4B}.Release|Win32.Build.0 = Release|Win32
	EndGlobalSection
	GlobalSection(SolutionProperties) = preSolution
		HideSolutionNode = FALSE
	EndGlobalSection
EndGlobal
