
Microsoft Visual Studio Solution File, Format Version 9.00
# Visual C++ Express 2005
Project("{8BC9CEB8-8B4A-11D0-8D11-00A0C91BC942}") = "ctaocrypt", "ctaocrypt.vcproj", "{BF0EA0C1-3F4C-4767-B79E-7B2A391F7D62}"
EndProject
Project("{8BC9CEB8-8B4A-11D0-8D11-00A0C91BC942}") = "test", "test\test.vcproj", "{D04BDF66-664A-4D59-BEAC-8AB2D5809C21}"
	ProjectSection(ProjectDependencies) = postProject
		{BF0EA0C1-3F4C-4767-B79E-7B2A391F7D62} = {BF0EA0C1-3F4C-4767-B79E-7B2A391F7D62}
	EndProjectSection
EndProject
Project("{8BC9CEB8-8B4A-11D0-8D11-00A0C91BC942}") = "benchmark", "benchmark\benchmark.vcproj", "{615AEC46-5595-4DEA-9490-DBD5DE0F8772}"
	ProjectSection(ProjectDependencies) = postProject
		{BF0EA0C1-3F4C-4767-B79E-7B2A391F7D62} = {BF0EA0C1-3F4C-4767-B79E-7B2A391F7D62}
	EndProjectSection
EndProject
Global
	GlobalSection(SolutionConfigurationPlatforms) = preSolution
		Debug|Win32 = Debug|Win32
		Release|Win32 = Release|Win32
	EndGlobalSection
	GlobalSection(ProjectConfigurationPlatforms) = postSolution
		{BF0EA0C1-3F4C-4767-B79E-7B2A391F7D62}.Debug|Win32.ActiveCfg = Debug|Win32
		{BF0EA0C1-3F4C-4767-B79E-7B2A391F7D62}.Debug|Win32.Build.0 = Debug|Win32
		{BF0EA0C1-3F4C-4767-B79E-7B2A391F7D62}.Release|Win32.ActiveCfg = Release|Win32
		{BF0EA0C1-3F4C-4767-B79E-7B2A391F7D62}.Release|Win32.Build.0 = Release|Win32
		{D04BDF66-664A-4D59-BEAC-8AB2D5809C21}.Debug|Win32.ActiveCfg = Debug|Win32
		{D04BDF66-664A-4D59-BEAC-8AB2D5809C21}.Debug|Win32.Build.0 = Debug|Win32
		{D04BDF66-664A-4D59-BEAC-8AB2D5809C21}.Release|Win32.ActiveCfg = Release|Win32
		{D04BDF66-664A-4D59-BEAC-8AB2D5809C21}.Release|Win32.Build.0 = Release|Win32
		{615AEC46-5595-4DEA-9490-DBD5DE0F8772}.Debug|Win32.ActiveCfg = Debug|Win32
		{615AEC46-5595-4DEA-9490-DBD5DE0F8772}.Debug|Win32.Build.0 = Debug|Win32
		{615AEC46-5595-4DEA-9490-DBD5DE0F8772}.Release|Win32.ActiveCfg = Release|Win32
		{615AEC46-5595-4DEA-9490-DBD5DE0F8772}.Release|Win32.Build.0 = Release|Win32
	EndGlobalSection
	GlobalSection(SolutionProperties) = preSolution
		HideSolutionNode = FALSE
	EndGlobalSection
EndGlobal
