Microsoft Visual Studio Solution File, Format Version 9.00
# Visual Studio 2005
Project("{8BC9CEB8-8B4A-11D0-8D11-00A0C91BC942}") = "DLL", "mDNSWindows\DLL\dnssd.vcproj", "{AB581101-18F0-46F6-B56A-83A6B1EA657E}"
EndProject
Project("{8BC9CEB8-8B4A-11D0-8D11-00A0C91BC942}") = "mDNSResponder", "mDNSWindows\SystemService\Service.vcproj", "{C1D98254-BA27-4427-A3BE-A68CA2CC5F69}"
EndProject
Project("{8BC9CEB8-8B4A-11D0-8D11-00A0C91BC942}") = "NSPTool", "mDNSWindows\NSPTool\NSPTool.vcproj", "{208B3A9F-1CA0-4D1D-9D6C-C61616F94705}"
EndProject
Project("{8BC9CEB8-8B4A-11D0-8D11-00A0C91BC942}") = "mdnsNSP", "mDNSWindows\mdnsNSP\mdnsNSP.vcproj", "{F4F15529-F0EB-402F-8662-73C5797EE557}"
	ProjectSection(ProjectDependencies) = postProject
		{AB581101-18F0-46F6-B56A-83A6B1EA657E} = {AB581101-18F0-46F6-B56A-83A6B1EA657E}
	EndProjectSection
EndProject
Project("{8BC9CEB8-8B4A-11D0-8D11-00A0C91BC942}") = "ExplorerPlugin", "Clients\ExplorerPlugin\ExplorerPlugin.vcproj", "{BB8AC1B5-6587-4163-BDC6-788B157705CA}"
	ProjectSection(ProjectDependencies) = postProject
		{3A2B6325-3053-4236-84BD-AA9BE2E323E5} = {3A2B6325-3053-4236-84BD-AA9BE2E323E5}
	EndProjectSection
EndProject
Project("{8BC9CEB8-8B4A-11D0-8D11-00A0C91BC942}") = "PrinterSetupWizard", "Clients\PrinterSetupWizard\PrinterSetupWizard.vcproj", "{B1D2CDA2-CC8F-45D5-A694-2EE45B0308CF}"
	ProjectSection(ProjectDependencies) = postProject
		{3A2B6325-3053-4236-84BD-AA9BE2E323E5} = {3A2B6325-3053-4236-84BD-AA9BE2E323E5}
	EndProjectSection
EndProject
Project("{8BC9CEB8-8B4A-11D0-8D11-00A0C91BC942}") = "ControlPanel", "mDNSWindows\ControlPanel\ControlPanel.vcproj", "{F5D703B6-5612-4381-8BE2-2B7AEBAE58FC}"
	ProjectSection(ProjectDependencies) = postProject
		{AB581101-18F0-46F6-B56A-83A6B1EA657E} = {AB581101-18F0-46F6-B56A-83A6B1EA657E}
	EndProjectSection
EndProject
Project("{8BC9CEB8-8B4A-11D0-8D11-00A0C91BC942}") = "PrinterSetupWizardLocRes", "Clients\PrinterSetupWizard\PrinterSetupWizardLocRes.vcproj", "{967F5375-0176-43D3-ADA3-22EE25551C37}"
	ProjectSection(ProjectDependencies) = postProject
		{AB581101-18F0-46F6-B56A-83A6B1EA657E} = {AB581101-18F0-46F6-B56A-83A6B1EA657E}
	EndProjectSection
EndProject
Project("{8BC9CEB8-8B4A-11D0-8D11-00A0C91BC942}") = "PrinterSetupWizardRes", "Clients\PrinterSetupWizard\PrinterSetupWizardRes.vcproj", "{CFCCB176-6CAA-472B-B0A2-90511C8E2E52}"
	ProjectSection(ProjectDependencies) = postProject
		{AB581101-18F0-46F6-B56A-83A6B1EA657E} = {AB581101-18F0-46F6-B56A-83A6B1EA657E}
	EndProjectSection
EndProject
Project("{8BC9CEB8-8B4A-11D0-8D11-00A0C91BC942}") = "ExplorerPluginLocRes", "Clients\ExplorerPlugin\ExplorerPluginLocRes.vcproj", "{1643427B-F226-4AD6-B413-97DA64D5C6B4}"
	ProjectSection(ProjectDependencies) = postProject
		{AB581101-18F0-46F6-B56A-83A6B1EA657E} = {AB581101-18F0-46F6-B56A-83A6B1EA657E}
	EndProjectSection
EndProject
Project("{8BC9CEB8-8B4A-11D0-8D11-00A0C91BC942}") = "ExplorerPluginRes", "Clients\ExplorerPlugin\ExplorerPluginRes.vcproj", "{871B1492-B4A4-4B57-9237-FA798484D7D7}"
	ProjectSection(ProjectDependencies) = postProject
		{AB581101-18F0-46F6-B56A-83A6B1EA657E} = {AB581101-18F0-46F6-B56A-83A6B1EA657E}
	EndProjectSection
EndProject
Project("{8BC9CEB8-8B4A-11D0-8D11-00A0C91BC942}") = "dns-sd", "Clients\DNS-SD.VisualStudio\dns-sd.vcproj", "{AA230639-E115-4A44-AA5A-44A61235BA50}"
EndProject
Project("{8BC9CEB8-8B4A-11D0-8D11-00A0C91BC942}") = "Java", "mDNSWindows\Java\Java.vcproj", "{9CE2568A-3170-41C6-9F20-A0188A9EC114}"
	ProjectSection(ProjectDependencies) = postProject
		{AB581101-18F0-46F6-B56A-83A6B1EA657E} = {AB581101-18F0-46F6-B56A-83A6B1EA657E}
	EndProjectSection
EndProject
Project("{8BC9CEB8-8B4A-11D0-8D11-00A0C91BC942}") = "JavaSamples", "Clients\Java\JavaSamples.vcproj", "{A987A0C1-344F-475C-869C-F082EB11EEBA}"
	ProjectSection(ProjectDependencies) = postProject
		{9CE2568A-3170-41C6-9F20-A0188A9EC114} = {9CE2568A-3170-41C6-9F20-A0188A9EC114}
	EndProjectSection
EndProject
Project("{8BC9CEB8-8B4A-11D0-8D11-00A0C91BC942}") = "ControlPanel (Vista)", "mDNSWindows\ControlPanel\ControlPanelExe.vcproj", "{0DF09484-B4C2-4AB4-9FC0-7B091ADEAFEB}"
EndProject
Project("{8BC9CEB8-8B4A-11D0-8D11-00A0C91BC942}") = "DLLStub", "mDNSWindows\DLLStub\DLLStub.vcproj", "{3A2B6325-3053-4236-84BD-AA9BE2E323E5}"
	ProjectSection(ProjectDependencies) = postProject
		{AB581101-18F0-46F6-B56A-83A6B1EA657E} = {AB581101-18F0-46F6-B56A-83A6B1EA657E}
	EndProjectSection
EndProject
Project("{8BC9CEB8-8B4A-11D0-8D11-00A0C91BC942}") = "DLLX", "mDNSWindows\DLLX\DLLX.vcproj", "{78FBFCC5-2873-4AE2-9114-A08082F71124}"
EndProject
Project("{FAE04EC0-301F-11D3-BF4B-00C04F79EFBC}") = "DNSServiceBrowser.NET", "Clients\DNSServiceBrowser.NET\DNSServiceBrowser.NET.csproj", "{DE8DB97E-37A3-43ED-9A5E-CCC5F6DE9CB4}"
EndProject
Project("{F184B08F-C81C-45F6-A57F-5ABD9991F28F}") = "DNSServiceBrowser.VB", "Clients\DNSServiceBrowser.VB\DNSServiceBrowser.VB.vbproj", "{FB79E297-5703-435C-A829-51AA51CD71C2}"
EndProject
Project("{8BC9CEB8-8B4A-11D0-8D11-00A0C91BC942}") = "mDNSNetMonitor", "Clients\mDNSNetMonitor.VisualStudio\mDNSNetMonitor.vcproj", "{AF35C285-528D-46A1-8A0E-47B0733DC718}"
EndProject
Global
	GlobalSection(SolutionConfigurationPlatforms) = preSolution
		Debug|Any CPU = Debug|Any CPU
		Debug|Mixed Platforms = Debug|Mixed Platforms
		Debug|Win32 = Debug|Win32
		Debug|x64 = Debug|x64
		Release|Any CPU = Release|Any CPU
		Release|Mixed Platforms = Release|Mixed Platforms
		Release|Win32 = Release|Win32
		Release|x64 = Release|x64
	EndGlobalSection
	GlobalSection(ProjectConfigurationPlatforms) = postSolution
		{AB581101-18F0-46F6-B56A-83A6B1EA657E}.Debug|Any CPU.ActiveCfg = Debug|x64
		{AB581101-18F0-46F6-B56A-83A6B1EA657E}.Debug|Mixed Platforms.ActiveCfg = Debug|x64
		{AB581101-18F0-46F6-B56A-83A6B1EA657E}.Debug|Mixed Platforms.Build.0 = Debug|x64
		{AB581101-18F0-46F6-B56A-83A6B1EA657E}.Debug|Win32.ActiveCfg = Debug|Win32
		{AB581101-18F0-46F6-B56A-83A6B1EA657E}.Debug|Win32.Build.0 = Debug|Win32
		{AB581101-18F0-46F6-B56A-83A6B1EA657E}.Debug|x64.ActiveCfg = Debug|x64
		{AB581101-18F0-46F6-B56A-83A6B1EA657E}.Debug|x64.Build.0 = Debug|x64
		{AB581101-18F0-46F6-B56A-83A6B1EA657E}.Release|Any CPU.ActiveCfg = Release|x64
		{AB581101-18F0-46F6-B56A-83A6B1EA657E}.Release|Mixed Platforms.ActiveCfg = Release|x64
		{AB581101-18F0-46F6-B56A-83A6B1EA657E}.Release|Mixed Platforms.Build.0 = Release|x64
		{AB581101-18F0-46F6-B56A-83A6B1EA657E}.Release|Win32.ActiveCfg = Release|Win32
		{AB581101-18F0-46F6-B56A-83A6B1EA657E}.Release|Win32.Build.0 = Release|Win32
		{AB581101-18F0-46F6-B56A-83A6B1EA657E}.Release|x64.ActiveCfg = Release|x64
		{AB581101-18F0-46F6-B56A-83A6B1EA657E}.Release|x64.Build.0 = Release|x64
		{C1D98254-BA27-4427-A3BE-A68CA2CC5F69}.Debug|Any CPU.ActiveCfg = Debug|x64
		{C1D98254-BA27-4427-A3BE-A68CA2CC5F69}.Debug|Mixed Platforms.ActiveCfg = Debug|x64
		{C1D98254-BA27-4427-A3BE-A68CA2CC5F69}.Debug|Mixed Platforms.Build.0 = Debug|x64
		{C1D98254-BA27-4427-A3BE-A68CA2CC5F69}.Debug|Win32.ActiveCfg = Debug|Win32
		{C1D98254-BA27-4427-A3BE-A68CA2CC5F69}.Debug|Win32.Build.0 = Debug|Win32
		{C1D98254-BA27-4427-A3BE-A68CA2CC5F69}.Debug|x64.ActiveCfg = Debug|x64
		{C1D98254-BA27-4427-A3BE-A68CA2CC5F69}.Debug|x64.Build.0 = Debug|x64
		{C1D98254-BA27-4427-A3BE-A68CA2CC5F69}.Release|Any CPU.ActiveCfg = Release|x64
		{C1D98254-BA27-4427-A3BE-A68CA2CC5F69}.Release|Mixed Platforms.ActiveCfg = Release|x64
		{C1D98254-BA27-4427-A3BE-A68CA2CC5F69}.Release|Mixed Platforms.Build.0 = Release|x64
		{C1D98254-BA27-4427-A3BE-A68CA2CC5F69}.Release|Win32.ActiveCfg = Release|Win32
		{C1D98254-BA27-4427-A3BE-A68CA2CC5F69}.Release|Win32.Build.0 = Release|Win32
		{C1D98254-BA27-4427-A3BE-A68CA2CC5F69}.Release|x64.ActiveCfg = Release|x64
		{C1D98254-BA27-4427-A3BE-A68CA2CC5F69}.Release|x64.Build.0 = Release|x64
		{208B3A9F-1CA0-4D1D-9D6C-C61616F94705}.Debug|Any CPU.ActiveCfg = Debug|x64
		{208B3A9F-1CA0-4D1D-9D6C-C61616F94705}.Debug|Mixed Platforms.ActiveCfg = Debug|x64
		{208B3A9F-1CA0-4D1D-9D6C-C61616F94705}.Debug|Mixed Platforms.Build.0 = Debug|x64
		{208B3A9F-1CA0-4D1D-9D6C-C61616F94705}.Debug|Win32.ActiveCfg = Debug|Win32
		{208B3A9F-1CA0-4D1D-9D6C-C61616F94705}.Debug|Win32.Build.0 = Debug|Win32
		{208B3A9F-1CA0-4D1D-9D6C-C61616F94705}.Debug|x64.ActiveCfg = Debug|x64
		{208B3A9F-1CA0-4D1D-9D6C-C61616F94705}.Debug|x64.Build.0 = Debug|x64
		{208B3A9F-1CA0-4D1D-9D6C-C61616F94705}.Release|Any CPU.ActiveCfg = Release|x64
		{208B3A9F-1CA0-4D1D-9D6C-C61616F94705}.Release|Mixed Platforms.ActiveCfg = Release|x64
		{208B3A9F-1CA0-4D1D-9D6C-C61616F94705}.Release|Mixed Platforms.Build.0 = Release|x64
		{208B3A9F-1CA0-4D1D-9D6C-C61616F94705}.Release|Win32.ActiveCfg = Release|Win32
		{208B3A9F-1CA0-4D1D-9D6C-C61616F94705}.Release|Win32.Build.0 = Release|Win32
		{208B3A9F-1CA0-4D1D-9D6C-C61616F94705}.Release|x64.ActiveCfg = Release|x64
		{208B3A9F-1CA0-4D1D-9D6C-C61616F94705}.Release|x64.Build.0 = Release|x64
		{F4F15529-F0EB-402F-8662-73C5797EE557}.Debug|Any CPU.ActiveCfg = Debug|x64
		{F4F15529-F0EB-402F-8662-73C5797EE557}.Debug|Mixed Platforms.ActiveCfg = Debug|x64
		{F4F15529-F0EB-402F-8662-73C5797EE557}.Debug|Mixed Platforms.Build.0 = Debug|x64
		{F4F15529-F0EB-402F-8662-73C5797EE557}.Debug|Win32.ActiveCfg = Debug|Win32
		{F4F15529-F0EB-402F-8662-73C5797EE557}.Debug|Win32.Build.0 = Debug|Win32
		{F4F15529-F0EB-402F-8662-73C5797EE557}.Debug|x64.ActiveCfg = Debug|x64
		{F4F15529-F0EB-402F-8662-73C5797EE557}.Debug|x64.Build.0 = Debug|x64
		{F4F15529-F0EB-402F-8662-73C5797EE557}.Release|Any CPU.ActiveCfg = Release|x64
		{F4F15529-F0EB-402F-8662-73C5797EE557}.Release|Mixed Platforms.ActiveCfg = Release|x64
		{F4F15529-F0EB-402F-8662-73C5797EE557}.Release|Mixed Platforms.Build.0 = Release|x64
		{F4F15529-F0EB-402F-8662-73C5797EE557}.Release|Win32.ActiveCfg = Release|Win32
		{F4F15529-F0EB-402F-8662-73C5797EE557}.Release|Win32.Build.0 = Release|Win32
		{F4F15529-F0EB-402F-8662-73C5797EE557}.Release|x64.ActiveCfg = Release|x64
		{F4F15529-F0EB-402F-8662-73C5797EE557}.Release|x64.Build.0 = Release|x64
		{BB8AC1B5-6587-4163-BDC6-788B157705CA}.Debug|Any CPU.ActiveCfg = Debug|x64
		{BB8AC1B5-6587-4163-BDC6-788B157705CA}.Debug|Mixed Platforms.ActiveCfg = Debug|x64
		{BB8AC1B5-6587-4163-BDC6-788B157705CA}.Debug|Mixed Platforms.Build.0 = Debug|x64
		{BB8AC1B5-6587-4163-BDC6-788B157705CA}.Debug|Win32.ActiveCfg = Debug|Win32
		{BB8AC1B5-6587-4163-BDC6-788B157705CA}.Debug|Win32.Build.0 = Debug|Win32
		{BB8AC1B5-6587-4163-BDC6-788B157705CA}.Debug|x64.ActiveCfg = Debug|x64
		{BB8AC1B5-6587-4163-BDC6-788B157705CA}.Debug|x64.Build.0 = Debug|x64
		{BB8AC1B5-6587-4163-BDC6-788B157705CA}.Release|Any CPU.ActiveCfg = Release|x64
		{BB8AC1B5-6587-4163-BDC6-788B157705CA}.Release|Mixed Platforms.ActiveCfg = Release|x64
		{BB8AC1B5-6587-4163-BDC6-788B157705CA}.Release|Mixed Platforms.Build.0 = Release|x64
		{BB8AC1B5-6587-4163-BDC6-788B157705CA}.Release|Win32.ActiveCfg = Release|Win32
		{BB8AC1B5-6587-4163-BDC6-788B157705CA}.Release|Win32.Build.0 = Release|Win32
		{BB8AC1B5-6587-4163-BDC6-788B157705CA}.Release|x64.ActiveCfg = Release|x64
		{BB8AC1B5-6587-4163-BDC6-788B157705CA}.Release|x64.Build.0 = Release|x64
		{B1D2CDA2-CC8F-45D5-A694-2EE45B0308CF}.Debug|Any CPU.ActiveCfg = Debug|x64
		{B1D2CDA2-CC8F-45D5-A694-2EE45B0308CF}.Debug|Mixed Platforms.ActiveCfg = Debug|x64
		{B1D2CDA2-CC8F-45D5-A694-2EE45B0308CF}.Debug|Mixed Platforms.Build.0 = Debug|x64
		{B1D2CDA2-CC8F-45D5-A694-2EE45B0308CF}.Debug|Win32.ActiveCfg = Debug|Win32
		{B1D2CDA2-CC8F-45D5-A694-2EE45B0308CF}.Debug|Win32.Build.0 = Debug|Win32
		{B1D2CDA2-CC8F-45D5-A694-2EE45B0308CF}.Debug|x64.ActiveCfg = Debug|x64
		{B1D2CDA2-CC8F-45D5-A694-2EE45B0308CF}.Debug|x64.Build.0 = Debug|x64
		{B1D2CDA2-CC8F-45D5-A694-2EE45B0308CF}.Release|Any CPU.ActiveCfg = Release|x64
		{B1D2CDA2-CC8F-45D5-A694-2EE45B0308CF}.Release|Mixed Platforms.ActiveCfg = Release|x64
		{B1D2CDA2-CC8F-45D5-A694-2EE45B0308CF}.Release|Mixed Platforms.Build.0 = Release|x64
		{B1D2CDA2-CC8F-45D5-A694-2EE45B0308CF}.Release|Win32.ActiveCfg = Release|Win32
		{B1D2CDA2-CC8F-45D5-A694-2EE45B0308CF}.Release|Win32.Build.0 = Release|Win32
		{B1D2CDA2-CC8F-45D5-A694-2EE45B0308CF}.Release|x64.ActiveCfg = Release|x64
		{B1D2CDA2-CC8F-45D5-A694-2EE45B0308CF}.Release|x64.Build.0 = Release|x64
		{F5D703B6-5612-4381-8BE2-2B7AEBAE58FC}.Debug|Any CPU.ActiveCfg = Debug|x64
		{F5D703B6-5612-4381-8BE2-2B7AEBAE58FC}.Debug|Mixed Platforms.ActiveCfg = Debug|x64
		{F5D703B6-5612-4381-8BE2-2B7AEBAE58FC}.Debug|Mixed Platforms.Build.0 = Debug|x64
		{F5D703B6-5612-4381-8BE2-2B7AEBAE58FC}.Debug|Win32.ActiveCfg = Debug|Win32
		{F5D703B6-5612-4381-8BE2-2B7AEBAE58FC}.Debug|Win32.Build.0 = Debug|Win32
		{F5D703B6-5612-4381-8BE2-2B7AEBAE58FC}.Debug|x64.ActiveCfg = Debug|x64
		{F5D703B6-5612-4381-8BE2-2B7AEBAE58FC}.Debug|x64.Build.0 = Debug|x64
		{F5D703B6-5612-4381-8BE2-2B7AEBAE58FC}.Release|Any CPU.ActiveCfg = Release|x64
		{F5D703B6-5612-4381-8BE2-2B7AEBAE58FC}.Release|Mixed Platforms.ActiveCfg = Release|x64
		{F5D703B6-5612-4381-8BE2-2B7AEBAE58FC}.Release|Mixed Platforms.Build.0 = Release|x64
		{F5D703B6-5612-4381-8BE2-2B7AEBAE58FC}.Release|Win32.ActiveCfg = Release|Win32
		{F5D703B6-5612-4381-8BE2-2B7AEBAE58FC}.Release|Win32.Build.0 = Release|Win32
		{F5D703B6-5612-4381-8BE2-2B7AEBAE58FC}.Release|x64.ActiveCfg = Release|x64
		{F5D703B6-5612-4381-8BE2-2B7AEBAE58FC}.Release|x64.Build.0 = Release|x64
		{967F5375-0176-43D3-ADA3-22EE25551C37}.Debug|Any CPU.ActiveCfg = Debug|x64
		{967F5375-0176-43D3-ADA3-22EE25551C37}.Debug|Mixed Platforms.ActiveCfg = Debug|x64
		{967F5375-0176-43D3-ADA3-22EE25551C37}.Debug|Mixed Platforms.Build.0 = Debug|x64
		{967F5375-0176-43D3-ADA3-22EE25551C37}.Debug|Win32.ActiveCfg = Debug|Win32
		{967F5375-0176-43D3-ADA3-22EE25551C37}.Debug|Win32.Build.0 = Debug|Win32
		{967F5375-0176-43D3-ADA3-22EE25551C37}.Debug|x64.ActiveCfg = Debug|x64
		{967F5375-0176-43D3-ADA3-22EE25551C37}.Debug|x64.Build.0 = Debug|x64
		{967F5375-0176-43D3-ADA3-22EE25551C37}.Release|Any CPU.ActiveCfg = Release|x64
		{967F5375-0176-43D3-ADA3-22EE25551C37}.Release|Mixed Platforms.ActiveCfg = Release|x64
		{967F5375-0176-43D3-ADA3-22EE25551C37}.Release|Mixed Platforms.Build.0 = Release|x64
		{967F5375-0176-43D3-ADA3-22EE25551C37}.Release|Win32.ActiveCfg = Release|Win32
		{967F5375-0176-43D3-ADA3-22EE25551C37}.Release|Win32.Build.0 = Release|Win32
		{967F5375-0176-43D3-ADA3-22EE25551C37}.Release|x64.ActiveCfg = Release|x64
		{967F5375-0176-43D3-ADA3-22EE25551C37}.Release|x64.Build.0 = Release|x64
		{CFCCB176-6CAA-472B-B0A2-90511C8E2E52}.Debug|Any CPU.ActiveCfg = Debug|x64
		{CFCCB176-6CAA-472B-B0A2-90511C8E2E52}.Debug|Mixed Platforms.ActiveCfg = Debug|x64
		{CFCCB176-6CAA-472B-B0A2-90511C8E2E52}.Debug|Mixed Platforms.Build.0 = Debug|x64
		{CFCCB176-6CAA-472B-B0A2-90511C8E2E52}.Debug|Win32.ActiveCfg = Debug|Win32
		{CFCCB176-6CAA-472B-B0A2-90511C8E2E52}.Debug|Win32.Build.0 = Debug|Win32
		{CFCCB176-6CAA-472B-B0A2-90511C8E2E52}.Debug|x64.ActiveCfg = Debug|x64
		{CFCCB176-6CAA-472B-B0A2-90511C8E2E52}.Debug|x64.Build.0 = Debug|x64
		{CFCCB176-6CAA-472B-B0A2-90511C8E2E52}.Release|Any CPU.ActiveCfg = Release|x64
		{CFCCB176-6CAA-472B-B0A2-90511C8E2E52}.Release|Mixed Platforms.ActiveCfg = Release|x64
		{CFCCB176-6CAA-472B-B0A2-90511C8E2E52}.Release|Mixed Platforms.Build.0 = Release|x64
		{CFCCB176-6CAA-472B-B0A2-90511C8E2E52}.Release|Win32.ActiveCfg = Release|Win32
		{CFCCB176-6CAA-472B-B0A2-90511C8E2E52}.Release|Win32.Build.0 = Release|Win32
		{CFCCB176-6CAA-472B-B0A2-90511C8E2E52}.Release|x64.ActiveCfg = Release|x64
		{CFCCB176-6CAA-472B-B0A2-90511C8E2E52}.Release|x64.Build.0 = Release|x64
		{1643427B-F226-4AD6-B413-97DA64D5C6B4}.Debug|Any CPU.ActiveCfg = Debug|x64
		{1643427B-F226-4AD6-B413-97DA64D5C6B4}.Debug|Mixed Platforms.ActiveCfg = Debug|x64
		{1643427B-F226-4AD6-B413-97DA64D5C6B4}.Debug|Mixed Platforms.Build.0 = Debug|x64
		{1643427B-F226-4AD6-B413-97DA64D5C6B4}.Debug|Win32.ActiveCfg = Debug|Win32
		{1643427B-F226-4AD6-B413-97DA64D5C6B4}.Debug|Win32.Build.0 = Debug|Win32
		{1643427B-F226-4AD6-B413-97DA64D5C6B4}.Debug|x64.ActiveCfg = Debug|x64
		{1643427B-F226-4AD6-B413-97DA64D5C6B4}.Debug|x64.Build.0 = Debug|x64
		{1643427B-F226-4AD6-B413-97DA64D5C6B4}.Release|Any CPU.ActiveCfg = Release|x64
		{1643427B-F226-4AD6-B413-97DA64D5C6B4}.Release|Mixed Platforms.ActiveCfg = Release|x64
		{1643427B-F226-4AD6-B413-97DA64D5C6B4}.Release|Mixed Platforms.Build.0 = Release|x64
		{1643427B-F226-4AD6-B413-97DA64D5C6B4}.Release|Win32.ActiveCfg = Release|Win32
		{1643427B-F226-4AD6-B413-97DA64D5C6B4}.Release|Win32.Build.0 = Release|Win32
		{1643427B-F226-4AD6-B413-97DA64D5C6B4}.Release|x64.ActiveCfg = Release|x64
		{1643427B-F226-4AD6-B413-97DA64D5C6B4}.Release|x64.Build.0 = Release|x64
		{871B1492-B4A4-4B57-9237-FA798484D7D7}.Debug|Any CPU.ActiveCfg = Debug|x64
		{871B1492-B4A4-4B57-9237-FA798484D7D7}.Debug|Mixed Platforms.ActiveCfg = Debug|x64
		{871B1492-B4A4-4B57-9237-FA798484D7D7}.Debug|Mixed Platforms.Build.0 = Debug|x64
		{871B1492-B4A4-4B57-9237-FA798484D7D7}.Debug|Win32.ActiveCfg = Debug|Win32
		{871B1492-B4A4-4B57-9237-FA798484D7D7}.Debug|Win32.Build.0 = Debug|Win32
		{871B1492-B4A4-4B57-9237-FA798484D7D7}.Debug|x64.ActiveCfg = Debug|x64
		{871B1492-B4A4-4B57-9237-FA798484D7D7}.Debug|x64.Build.0 = Debug|x64
		{871B1492-B4A4-4B57-9237-FA798484D7D7}.Release|Any CPU.ActiveCfg = Release|x64
		{871B1492-B4A4-4B57-9237-FA798484D7D7}.Release|Mixed Platforms.ActiveCfg = Release|x64
		{871B1492-B4A4-4B57-9237-FA798484D7D7}.Release|Mixed Platforms.Build.0 = Release|x64
		{871B1492-B4A4-4B57-9237-FA798484D7D7}.Release|Win32.ActiveCfg = Release|Win32
		{871B1492-B4A4-4B57-9237-FA798484D7D7}.Release|Win32.Build.0 = Release|Win32
		{871B1492-B4A4-4B57-9237-FA798484D7D7}.Release|x64.ActiveCfg = Release|x64
		{871B1492-B4A4-4B57-9237-FA798484D7D7}.Release|x64.Build.0 = Release|x64
		{AA230639-E115-4A44-AA5A-44A61235BA50}.Debug|Any CPU.ActiveCfg = Debug|x64
		{AA230639-E115-4A44-AA5A-44A61235BA50}.Debug|Mixed Platforms.ActiveCfg = Debug|x64
		{AA230639-E115-4A44-AA5A-44A61235BA50}.Debug|Mixed Platforms.Build.0 = Debug|x64
		{AA230639-E115-4A44-AA5A-44A61235BA50}.Debug|Win32.ActiveCfg = Debug|Win32
		{AA230639-E115-4A44-AA5A-44A61235BA50}.Debug|Win32.Build.0 = Debug|Win32
		{AA230639-E115-4A44-AA5A-44A61235BA50}.Debug|x64.ActiveCfg = Debug|x64
		{AA230639-E115-4A44-AA5A-44A61235BA50}.Debug|x64.Build.0 = Debug|x64
		{AA230639-E115-4A44-AA5A-44A61235BA50}.Release|Any CPU.ActiveCfg = Release|x64
		{AA230639-E115-4A44-AA5A-44A61235BA50}.Release|Mixed Platforms.ActiveCfg = Release|x64
		{AA230639-E115-4A44-AA5A-44A61235BA50}.Release|Mixed Platforms.Build.0 = Release|x64
		{AA230639-E115-4A44-AA5A-44A61235BA50}.Release|Win32.ActiveCfg = Release|Win32
		{AA230639-E115-4A44-AA5A-44A61235BA50}.Release|Win32.Build.0 = Release|Win32
		{AA230639-E115-4A44-AA5A-44A61235BA50}.Release|x64.ActiveCfg = Release|x64
		{AA230639-E115-4A44-AA5A-44A61235BA50}.Release|x64.Build.0 = Release|x64
		{9CE2568A-3170-41C6-9F20-A0188A9EC114}.Debug|Any CPU.ActiveCfg = Debug|x64
		{9CE2568A-3170-41C6-9F20-A0188A9EC114}.Debug|Mixed Platforms.ActiveCfg = Debug|x64
		{9CE2568A-3170-41C6-9F20-A0188A9EC114}.Debug|Mixed Platforms.Build.0 = Debug|x64
		{9CE2568A-3170-41C6-9F20-A0188A9EC114}.Debug|Win32.ActiveCfg = Debug|Win32
		{9CE2568A-3170-41C6-9F20-A0188A9EC114}.Debug|Win32.Build.0 = Debug|Win32
		{9CE2568A-3170-41C6-9F20-A0188A9EC114}.Debug|x64.ActiveCfg = Debug|x64
		{9CE2568A-3170-41C6-9F20-A0188A9EC114}.Release|Any CPU.ActiveCfg = Release|x64
		{9CE2568A-3170-41C6-9F20-A0188A9EC114}.Release|Mixed Platforms.ActiveCfg = Release|x64
		{9CE2568A-3170-41C6-9F20-A0188A9EC114}.Release|Mixed Platforms.Build.0 = Release|x64
		{9CE2568A-3170-41C6-9F20-A0188A9EC114}.Release|Win32.ActiveCfg = Release|Win32
		{9CE2568A-3170-41C6-9F20-A0188A9EC114}.Release|Win32.Build.0 = Release|Win32
		{9CE2568A-3170-41C6-9F20-A0188A9EC114}.Release|x64.ActiveCfg = Release|x64
		{A987A0C1-344F-475C-869C-F082EB11EEBA}.Debug|Any CPU.ActiveCfg = Debug|x64
		{A987A0C1-344F-475C-869C-F082EB11EEBA}.Debug|Mixed Platforms.ActiveCfg = Debug|x64
		{A987A0C1-344F-475C-869C-F082EB11EEBA}.Debug|Mixed Platforms.Build.0 = Debug|x64
		{A987A0C1-344F-475C-869C-F082EB11EEBA}.Debug|Win32.ActiveCfg = Debug|Win32
		{A987A0C1-344F-475C-869C-F082EB11EEBA}.Debug|Win32.Build.0 = Debug|Win32
		{A987A0C1-344F-475C-869C-F082EB11EEBA}.Debug|x64.ActiveCfg = Debug|x64
		{A987A0C1-344F-475C-869C-F082EB11EEBA}.Release|Any CPU.ActiveCfg = Release|x64
		{A987A0C1-344F-475C-869C-F082EB11EEBA}.Release|Mixed Platforms.ActiveCfg = Release|x64
		{A987A0C1-344F-475C-869C-F082EB11EEBA}.Release|Mixed Platforms.Build.0 = Release|x64
		{A987A0C1-344F-475C-869C-F082EB11EEBA}.Release|Win32.ActiveCfg = Release|Win32
		{A987A0C1-344F-475C-869C-F082EB11EEBA}.Release|Win32.Build.0 = Release|Win32
		{A987A0C1-344F-475C-869C-F082EB11EEBA}.Release|x64.ActiveCfg = Release|x64
		{0DF09484-B4C2-4AB4-9FC0-7B091ADEAFEB}.Debug|Any CPU.ActiveCfg = Debug|x64
		{0DF09484-B4C2-4AB4-9FC0-7B091ADEAFEB}.Debug|Mixed Platforms.ActiveCfg = Debug|x64
		{0DF09484-B4C2-4AB4-9FC0-7B091ADEAFEB}.Debug|Mixed Platforms.Build.0 = Debug|x64
		{0DF09484-B4C2-4AB4-9FC0-7B091ADEAFEB}.Debug|Win32.ActiveCfg = Debug|Win32
		{0DF09484-B4C2-4AB4-9FC0-7B091ADEAFEB}.Debug|Win32.Build.0 = Debug|Win32
		{0DF09484-B4C2-4AB4-9FC0-7B091ADEAFEB}.Debug|x64.ActiveCfg = Debug|x64
		{0DF09484-B4C2-4AB4-9FC0-7B091ADEAFEB}.Debug|x64.Build.0 = Debug|x64
		{0DF09484-B4C2-4AB4-9FC0-7B091ADEAFEB}.Release|Any CPU.ActiveCfg = Release|x64
		{0DF09484-B4C2-4AB4-9FC0-7B091ADEAFEB}.Release|Mixed Platforms.ActiveCfg = Release|x64
		{0DF09484-B4C2-4AB4-9FC0-7B091ADEAFEB}.Release|Mixed Platforms.Build.0 = Release|x64
		{0DF09484-B4C2-4AB4-9FC0-7B091ADEAFEB}.Release|Win32.ActiveCfg = Release|Win32
		{0DF09484-B4C2-4AB4-9FC0-7B091ADEAFEB}.Release|Win32.Build.0 = Release|Win32
		{0DF09484-B4C2-4AB4-9FC0-7B091ADEAFEB}.Release|x64.ActiveCfg = Release|x64
		{0DF09484-B4C2-4AB4-9FC0-7B091ADEAFEB}.Release|x64.Build.0 = Release|x64
		{3A2B6325-3053-4236-84BD-AA9BE2E323E5}.Debug|Any CPU.ActiveCfg = Debug|x64
		{3A2B6325-3053-4236-84BD-AA9BE2E323E5}.Debug|Mixed Platforms.ActiveCfg = Debug|x64
		{3A2B6325-3053-4236-84BD-AA9BE2E323E5}.Debug|Mixed Platforms.Build.0 = Debug|x64
		{3A2B6325-3053-4236-84BD-AA9BE2E323E5}.Debug|Win32.ActiveCfg = Debug|Win32
		{3A2B6325-3053-4236-84BD-AA9BE2E323E5}.Debug|Win32.Build.0 = Debug|Win32
		{3A2B6325-3053-4236-84BD-AA9BE2E323E5}.Debug|x64.ActiveCfg = Debug|x64
		{3A2B6325-3053-4236-84BD-AA9BE2E323E5}.Debug|x64.Build.0 = Debug|x64
		{3A2B6325-3053-4236-84BD-AA9BE2E323E5}.Release|Any CPU.ActiveCfg = Release|x64
		{3A2B6325-3053-4236-84BD-AA9BE2E323E5}.Release|Mixed Platforms.ActiveCfg = Release|x64
		{3A2B6325-3053-4236-84BD-AA9BE2E323E5}.Release|Mixed Platforms.Build.0 = Release|x64
		{3A2B6325-3053-4236-84BD-AA9BE2E323E5}.Release|Win32.ActiveCfg = Release|Win32
		{3A2B6325-3053-4236-84BD-AA9BE2E323E5}.Release|Win32.Build.0 = Release|Win32
		{3A2B6325-3053-4236-84BD-AA9BE2E323E5}.Release|x64.ActiveCfg = Release|x64
		{3A2B6325-3053-4236-84BD-AA9BE2E323E5}.Release|x64.Build.0 = Release|x64
		{78FBFCC5-2873-4AE2-9114-A08082F71124}.Debug|Any CPU.ActiveCfg = Debug|x64
		{78FBFCC5-2873-4AE2-9114-A08082F71124}.Debug|Mixed Platforms.ActiveCfg = Debug|x64
		{78FBFCC5-2873-4AE2-9114-A08082F71124}.Debug|Mixed Platforms.Build.0 = Debug|x64
		{78FBFCC5-2873-4AE2-9114-A08082F71124}.Debug|Win32.ActiveCfg = Debug|Win32
		{78FBFCC5-2873-4AE2-9114-A08082F71124}.Debug|Win32.Build.0 = Debug|Win32
		{78FBFCC5-2873-4AE2-9114-A08082F71124}.Debug|x64.ActiveCfg = Debug|x64
		{78FBFCC5-2873-4AE2-9114-A08082F71124}.Debug|x64.Build.0 = Debug|x64
		{78FBFCC5-2873-4AE2-9114-A08082F71124}.Release|Any CPU.ActiveCfg = Release|x64
		{78FBFCC5-2873-4AE2-9114-A08082F71124}.Release|Mixed Platforms.ActiveCfg = Release|x64
		{78FBFCC5-2873-4AE2-9114-A08082F71124}.Release|Mixed Platforms.Build.0 = Release|x64
		{78FBFCC5-2873-4AE2-9114-A08082F71124}.Release|Win32.ActiveCfg = Release|Win32
		{78FBFCC5-2873-4AE2-9114-A08082F71124}.Release|Win32.Build.0 = Release|Win32
		{78FBFCC5-2873-4AE2-9114-A08082F71124}.Release|x64.ActiveCfg = Release|x64
		{78FBFCC5-2873-4AE2-9114-A08082F71124}.Release|x64.Build.0 = Release|x64
		{DE8DB97E-37A3-43ED-9A5E-CCC5F6DE9CB4}.Debug|Any CPU.ActiveCfg = Debug|Any CPU
		{DE8DB97E-37A3-43ED-9A5E-CCC5F6DE9CB4}.Debug|Any CPU.Build.0 = Debug|Any CPU
		{DE8DB97E-37A3-43ED-9A5E-CCC5F6DE9CB4}.Debug|Mixed Platforms.ActiveCfg = Debug|Any CPU
		{DE8DB97E-37A3-43ED-9A5E-CCC5F6DE9CB4}.Debug|Mixed Platforms.Build.0 = Debug|Any CPU
		{DE8DB97E-37A3-43ED-9A5E-CCC5F6DE9CB4}.Debug|Win32.ActiveCfg = Debug|Any CPU
		{DE8DB97E-37A3-43ED-9A5E-CCC5F6DE9CB4}.Debug|x64.ActiveCfg = Debug|Any CPU
		{DE8DB97E-37A3-43ED-9A5E-CCC5F6DE9CB4}.Release|Any CPU.ActiveCfg = Release|Any CPU
		{DE8DB97E-37A3-43ED-9A5E-CCC5F6DE9CB4}.Release|Any CPU.Build.0 = Release|Any CPU
		{DE8DB97E-37A3-43ED-9A5E-CCC5F6DE9CB4}.Release|Mixed Platforms.ActiveCfg = Release|Any CPU
		{DE8DB97E-37A3-43ED-9A5E-CCC5F6DE9CB4}.Release|Mixed Platforms.Build.0 = Release|Any CPU
		{DE8DB97E-37A3-43ED-9A5E-CCC5F6DE9CB4}.Release|Win32.ActiveCfg = Release|Any CPU
		{DE8DB97E-37A3-43ED-9A5E-CCC5F6DE9CB4}.Release|x64.ActiveCfg = Release|Any CPU
		{FB79E297-5703-435C-A829-51AA51CD71C2}.Debug|Any CPU.ActiveCfg = Debug|Any CPU
		{FB79E297-5703-435C-A829-51AA51CD71C2}.Debug|Any CPU.Build.0 = Debug|Any CPU
		{FB79E297-5703-435C-A829-51AA51CD71C2}.Debug|Mixed Platforms.ActiveCfg = Debug|Any CPU
		{FB79E297-5703-435C-A829-51AA51CD71C2}.Debug|Mixed Platforms.Build.0 = Debug|Any CPU
		{FB79E297-5703-435C-A829-51AA51CD71C2}.Debug|Win32.ActiveCfg = Debug|Any CPU
		{FB79E297-5703-435C-A829-51AA51CD71C2}.Debug|x64.ActiveCfg = Debug|Any CPU
		{FB79E297-5703-435C-A829-51AA51CD71C2}.Release|Any CPU.ActiveCfg = Release|Any CPU
		{FB79E297-5703-435C-A829-51AA51CD71C2}.Release|Any CPU.Build.0 = Release|Any CPU
		{FB79E297-5703-435C-A829-51AA51CD71C2}.Release|Mixed Platforms.ActiveCfg = Release|Any CPU
		{FB79E297-5703-435C-A829-51AA51CD71C2}.Release|Mixed Platforms.Build.0 = Release|Any CPU
		{FB79E297-5703-435C-A829-51AA51CD71C2}.Release|Win32.ActiveCfg = Release|Any CPU
		{FB79E297-5703-435C-A829-51AA51CD71C2}.Release|x64.ActiveCfg = Release|Any CPU
		{AF35C285-528D-46A1-8A0E-47B0733DC718}.Debug|Any CPU.ActiveCfg = Debug|Win32
		{AF35C285-528D-46A1-8A0E-47B0733DC718}.Debug|Mixed Platforms.ActiveCfg = Debug|Win32
		{AF35C285-528D-46A1-8A0E-47B0733DC718}.Debug|Mixed Platforms.Build.0 = Debug|Win32
		{AF35C285-528D-46A1-8A0E-47B0733DC718}.Debug|Win32.ActiveCfg = Debug|Win32
		{AF35C285-528D-46A1-8A0E-47B0733DC718}.Debug|Win32.Build.0 = Debug|Win32
		{AF35C285-528D-46A1-8A0E-47B0733DC718}.Debug|x64.ActiveCfg = Debug|Win32
		{AF35C285-528D-46A1-8A0E-47B0733DC718}.Release|Any CPU.ActiveCfg = Release|Win32
		{AF35C285-528D-46A1-8A0E-47B0733DC718}.Release|Mixed Platforms.ActiveCfg = Release|Win32
		{AF35C285-528D-46A1-8A0E-47B0733DC718}.Release|Mixed Platforms.Build.0 = Release|Win32
		{AF35C285-528D-46A1-8A0E-47B0733DC718}.Release|Win32.ActiveCfg = Release|Win32
		{AF35C285-528D-46A1-8A0E-47B0733DC718}.Release|Win32.Build.0 = Release|Win32
		{AF35C285-528D-46A1-8A0E-47B0733DC718}.Release|x64.ActiveCfg = Release|Win32
	EndGlobalSection
	GlobalSection(SolutionProperties) = preSolution
		HideSolutionNode = FALSE
	EndGlobalSection
EndGlobal
