
Microsoft Visual Studio Solution File, Format Version 10.00
# Visual C++ Express 2008
Project("{8BC9CEB8-8B4A-11D0-8D11-00A0C91BC942}") = "cyassl", "cyassl.vcproj", "{73973223-5EE8-41CA-8E88-1D60E89A237B}"
EndProject
Project("{8BC9CEB8-8B4A-11D0-8D11-00A0C91BC942}") = "testsuite", "testsuite\testsuite.vcproj", "{611E8971-46E0-4D0A-B5A1-632C3B00CB80}"
	ProjectSection(ProjectDependencies) = postProject
		{73973223-5EE8-41CA-8E88-1D60E89A237B} = {73973223-5EE8-41CA-8E88-1D60E89A237B}
	EndProjectSection
EndProject
Project("{8BC9CEB8-8B4A-11D0-8D11-00A0C91BC942}") = "sslSniffer", "sslSniffer\sslSniffer.vcproj", "{34FAE5A6-2B0F-4B55-86FE-0C43E4810F4D}"
	ProjectSection(ProjectDependencies) = postProject
		{73973223-5EE8-41CA-8E88-1D60E89A237B} = {73973223-5EE8-41CA-8E88-1D60E89A237B}
	EndProjectSection
EndProject
Project("{8BC9CEB8-8B4A-11D0-8D11-00A0C91BC942}") = "echoserver", "examples\echoserver\echoserver.vcproj", "{07D97C48-E08F-4E34-9F67-3064039FF2CB}"
	ProjectSection(ProjectDependencies) = postProject
		{73973223-5EE8-41CA-8E88-1D60E89A237B} = {73973223-5EE8-41CA-8E88-1D60E89A237B}
	EndProjectSection
EndProject
Project("{8BC9CEB8-8B4A-11D0-8D11-00A0C91BC942}") = "echoclient", "examples\echoclient\echoclient.vcproj", "{8362A816-C5DC-4E22-B5C5-9E6806387073}"
	ProjectSection(ProjectDependencies) = postProject
		{73973223-5EE8-41CA-8E88-1D60E89A237B} = {73973223-5EE8-41CA-8E88-1D60E89A237B}
	EndProjectSection
EndProject
Project("{8BC9CEB8-8B4A-11D0-8D11-00A0C91BC942}") = "client", "examples\client\client.vcproj", "{3ADE9549-582D-4D8E-9826-B172197A7959}"
	ProjectSection(ProjectDependencies) = postProject
		{73973223-5EE8-41CA-8E88-1D60E89A237B} = {73973223-5EE8-41CA-8E88-1D60E89A237B}
	EndProjectSection
EndProject
Project("{8BC9CEB8-8B4A-11D0-8D11-00A0C91BC942}") = "server", "examples\server\server.vcproj", "{E9FB0BA5-BA46-4A59-A953-39C18CD1DCB1}"
	ProjectSection(ProjectDependencies) = postProject
		{73973223-5EE8-41CA-8E88-1D60E89A237B} = {73973223-5EE8-41CA-8E88-1D60E89A237B}
	EndProjectSection
EndProject
Global
	GlobalSection(SolutionConfigurationPlatforms) = preSolution
		Debug|Win32 = Debug|Win32
		Release|Win32 = Release|Win32
	EndGlobalSection
	GlobalSection(ProjectConfigurationPlatforms) = postSolution
		{73973223-5EE8-41CA-8E88-1D60E89A237B}.Debug|Win32.ActiveCfg = Debug|Win32
		{73973223-5EE8-41CA-8E88-1D60E89A237B}.Debug|Win32.Build.0 = Debug|Win32
		{73973223-5EE8-41CA-8E88-1D60E89A237B}.Release|Win32.ActiveCfg = Release|Win32
		{73973223-5EE8-41CA-8E88-1D60E89A237B}.Release|Win32.Build.0 = Release|Win32
		{611E8971-46E0-4D0A-B5A1-632C3B00CB80}.Debug|Win32.ActiveCfg = Debug|Win32
		{611E8971-46E0-4D0A-B5A1-632C3B00CB80}.Debug|Win32.Build.0 = Debug|Win32
		{611E8971-46E0-4D0A-B5A1-632C3B00CB80}.Release|Win32.ActiveCfg = Release|Win32
		{611E8971-46E0-4D0A-B5A1-632C3B00CB80}.Release|Win32.Build.0 = Release|Win32
		{34FAE5A6-2B0F-4B55-86FE-0C43E4810F4D}.Debug|Win32.ActiveCfg = Debug|Win32
		{34FAE5A6-2B0F-4B55-86FE-0C43E4810F4D}.Debug|Win32.Build.0 = Debug|Win32
		{34FAE5A6-2B0F-4B55-86FE-0C43E4810F4D}.Release|Win32.ActiveCfg = Release|Win32
		{34FAE5A6-2B0F-4B55-86FE-0C43E4810F4D}.Release|Win32.Build.0 = Release|Win32
		{07D97C48-E08F-4E34-9F67-3064039FF2CB}.Debug|Win32.ActiveCfg = Debug|Win32
		{07D97C48-E08F-4E34-9F67-3064039FF2CB}.Debug|Win32.Build.0 = Debug|Win32
		{07D97C48-E08F-4E34-9F67-3064039FF2CB}.Release|Win32.ActiveCfg = Release|Win32
		{07D97C48-E08F-4E34-9F67-3064039FF2CB}.Release|Win32.Build.0 = Release|Win32
		{8362A816-C5DC-4E22-B5C5-9E6806387073}.Debug|Win32.ActiveCfg = Debug|Win32
		{8362A816-C5DC-4E22-B5C5-9E6806387073}.Debug|Win32.Build.0 = Debug|Win32
		{8362A816-C5DC-4E22-B5C5-9E6806387073}.Release|Win32.ActiveCfg = Release|Win32
		{8362A816-C5DC-4E22-B5C5-9E6806387073}.Release|Win32.Build.0 = Release|Win32
		{3ADE9549-582D-4D8E-9826-B172197A7959}.Debug|Win32.ActiveCfg = Debug|Win32
		{3ADE9549-582D-4D8E-9826-B172197A7959}.Debug|Win32.Build.0 = Debug|Win32
		{3ADE9549-582D-4D8E-9826-B172197A7959}.Release|Win32.ActiveCfg = Release|Win32
		{3ADE9549-582D-4D8E-9826-B172197A7959}.Release|Win32.Build.0 = Release|Win32
		{E9FB0BA5-BA46-4A59-A953-39C18CD1DCB1}.Debug|Win32.ActiveCfg = Debug|Win32
		{E9FB0BA5-BA46-4A59-A953-39C18CD1DCB1}.Debug|Win32.Build.0 = Debug|Win32
		{E9FB0BA5-BA46-4A59-A953-39C18CD1DCB1}.Release|Win32.ActiveCfg = Release|Win32
		{E9FB0BA5-BA46-4A59-A953-39C18CD1DCB1}.Release|Win32.Build.0 = Release|Win32
	EndGlobalSection
	GlobalSection(SolutionProperties) = preSolution
		HideSolutionNode = FALSE
	EndGlobalSection
EndGlobal
