Microsoft Visual Studio Solution File, Format Version 10.00
# Visual C++ Express 2008
Project("{8BC9CEB8-8B4A-11D0-8D11-00A0C91BC942}") = "httpsClient", "httpsClient.vcproj", "{FEB5FEAA-EF6D-42E6-847B-AB015B9A2E68}"
	ProjectSection(ProjectDependencies) = postProject
		{8DBF200C-313A-485B-97D8-892158882E16} = {8DBF200C-313A-485B-97D8-892158882E16}
	EndProjectSection
EndProject
Project("{8BC9CEB8-8B4A-11D0-8D11-00A0C91BC942}") = "matrixSsl", "..\src\matrixSsl.vcproj", "{8DBF200C-313A-485B-97D8-892158882E16}"
EndProject
Global
	GlobalSection(SolutionConfigurationPlatforms) = preSolution
		Debug|Win32 = Debug|Win32
		Release|Win32 = Release|Win32
	EndGlobalSection
	GlobalSection(ProjectConfigurationPlatforms) = postSolution
		{FEB5FEAA-EF6D-42E6-847B-AB015B9A2E68}.Debug|Win32.ActiveCfg = Debug|Win32
		{FEB5FEAA-EF6D-42E6-847B-AB015B9A2E68}.Debug|Win32.Build.0 = Debug|Win32
		{FEB5FEAA-EF6D-42E6-847B-AB015B9A2E68}.Release|Win32.ActiveCfg = Release|Win32
		{FEB5FEAA-EF6D-42E6-847B-AB015B9A2E68}.Release|Win32.Build.0 = Release|Win32
		{8DBF200C-313A-485B-97D8-892158882E16}.Debug|Win32.ActiveCfg = Debug|Win32
		{8DBF200C-313A-485B-97D8-892158882E16}.Debug|Win32.Build.0 = Debug|Win32
		{8DBF200C-313A-485B-97D8-892158882E16}.Release|Win32.ActiveCfg = Release|Win32
		{8DBF200C-313A-485B-97D8-892158882E16}.Release|Win32.Build.0 = Release|Win32
	EndGlobalSection
	GlobalSection(SolutionProperties) = preSolution
		HideSolutionNode = FALSE
	EndGlobalSection
EndGlobal
