
Microsoft Visual Studio Solution File, Format Version 10.00
# Visual Studio 2008
Project("{8BC9CEB8-8B4A-11D0-8D11-00A0C91BC942}") = "AsusWrtTransHelper", "AsusWrtTransHelper\AsusWrtTransHelper.vcproj", "{4AA8F8F9-D4FE-4FBA-9E2C-6E56ECB92C10}"
EndProject
Global
	GlobalSection(SolutionConfigurationPlatforms) = preSolution
		Debug|Win32 = Debug|Win32
		Release|Win32 = Release|Win32
	EndGlobalSection
	GlobalSection(ProjectConfigurationPlatforms) = postSolution
		{4AA8F8F9-D4FE-4FBA-9E2C-6E56ECB92C10}.Debug|Win32.ActiveCfg = Debug|Win32
		{4AA8F8F9-D4FE-4FBA-9E2C-6E56ECB92C10}.Debug|Win32.Build.0 = Debug|Win32
		{4AA8F8F9-D4FE-4FBA-9E2C-6E56ECB92C10}.Release|Win32.ActiveCfg = Release|Win32
		{4AA8F8F9-D4FE-4FBA-9E2C-6E56ECB92C10}.Release|Win32.Build.0 = Release|Win32
	EndGlobalSection
	GlobalSection(SolutionProperties) = preSolution
		HideSolutionNode = FALSE
	EndGlobalSection
EndGlobal
